
Microsoft Visual Studio Solution File, Format Version 12.00
# Visual Studio Version 16
VisualStudioVersion = 16.0.30320.27
MinimumVisualStudioVersion = 10.0.40219.1
Project("{FAE04EC0-301F-11D3-BF4B-00C04F79EFBC}") = "CleanBlog.Web", "CleanBlog.Web.csproj", "{E73EA80B-E4EC-42A3-9268-285505CC3460}"
EndProject
Global
	GlobalSection(SolutionConfigurationPlatforms) = preSolution
		Debug|Any CPU = Debug|Any CPU
		Release|Any CPU = Release|Any CPU
	EndGlobalSection
	GlobalSection(ProjectConfigurationPlatforms) = postSolution
		{E73EA80B-E4EC-42A3-9268-285505CC3460}.Debug|Any CPU.ActiveCfg = Debug|Any CPU
		{E73EA80B-E4EC-42A3-9268-285505CC3460}.Debug|Any CPU.Build.0 = Debug|Any CPU
		{E73EA80B-E4EC-42A3-9268-285505CC3460}.Release|Any CPU.ActiveCfg = Release|Any CPU
		{E73EA80B-E4EC-42A3-9268-285505CC3460}.Release|Any CPU.Build.0 = Release|Any CPU
	EndGlobalSection
	GlobalSection(SolutionProperties) = preSolution
		HideSolutionNode = FALSE
	EndGlobalSection
	GlobalSection(ExtensibilityGlobals) = postSolution
		SolutionGuid = {390858D8-ACD5-4458-B8A8-836F188CB89C}
	EndGlobalSection
EndGlobal
